
Microsoft Visual Studio Solution File, Format Version 12.00
# Visual Studio Version 16
VisualStudioVersion = 16.0.29418.71
MinimumVisualStudioVersion = 10.0.40219.1
Project("{FAE04EC0-301F-11D3-BF4B-00C04F79EFBC}") = "ConsoleApp1", "ConsoleApp1\ConsoleApp1.csproj", "{8F7E850F-B153-4B20-A989-B17DBD7FDA14}"
EndProject
Global
	GlobalSection(SolutionConfigurationPlatforms) = preSolution
		Debug|Any CPU = Debug|Any CPU
		Release|Any CPU = Release|Any CPU
	EndGlobalSection
	GlobalSection(ProjectConfigurationPlatforms) = postSolution
		{8F7E850F-B153-4B20-A989-B17DBD7FDA14}.Debug|Any CPU.ActiveCfg = Debug|Any CPU
		{8F7E850F-B153-4B20-A989-B17DBD7FDA14}.Debug|Any CPU.Build.0 = Debug|Any CPU
		{8F7E850F-B153-4B20-A989-B17DBD7FDA14}.Release|Any CPU.ActiveCfg = Release|Any CPU
		{8F7E850F-B153-4B20-A989-B17DBD7FDA14}.Release|Any CPU.Build.0 = Release|Any CPU
	EndGlobalSection
	GlobalSection(SolutionProperties) = preSolution
		HideSolutionNode = FALSE
	EndGlobalSection
	GlobalSection(ExtensibilityGlobals) = postSolution
		SolutionGuid = {BC5654CD-594E-4F74-9BFB-6B2D3D76EC59}
	EndGlobalSection
EndGlobal
